
Microsoft Visual Studio Solution File, Format Version 12.00
# Visual Studio Version 17
VisualStudioVersion = 17.0.31903.59
MinimumVisualStudioVersion = 10.0.40219.1
Project("{2150E333-8FDC-42A3-9474-1A3956D46DE8}") = "src", "src", "{827E0CD3-B72D-47B6-A68D-7590B98EB39B}"
EndProject
Project("{FAE04EC0-301F-11D3-BF4B-00C04F79EFBC}") = "SeQrRecall.Domain", "src\SeQrRecall.Domain\SeQrRecall.Domain.csproj", "{BE9F8E37-0F78-4126-A933-261803E3E978}"
EndProject
Project("{FAE04EC0-301F-11D3-BF4B-00C04F79EFBC}") = "SeQrRecall.Application", "src\SeQrRecall.Application\SeQrRecall.Application.csproj", "{4CB1F791-54CA-4A36-9A2B-ABAC7D942866}"
EndProject
Project("{FAE04EC0-301F-11D3-BF4B-00C04F79EFBC}") = "SeQrRecall.Infrastructure", "src\SeQrRecall.Infrastructure\SeQrRecall.Infrastructure.csproj", "{3A8D6CF8-BB74-4368-861C-01330FB19C92}"
EndProject
Project("{FAE04EC0-301F-11D3-BF4B-00C04F79EFBC}") = "SeQrRecall.Api", "src\SeQrRecall.Api\SeQrRecall.Api.csproj", "{9A8D6BE0-AEB6-493D-B9BC-DD6E12259A96}"
EndProject
Project("{2150E333-8FDC-42A3-9474-1A3956D46DE8}") = "tests", "tests", "{0AB3BF05-4346-4AA6-1389-037BE0695223}"
EndProject
Project("{FAE04EC0-301F-11D3-BF4B-00C04F79EFBC}") = "SeQrRecall.UnitTests", "tests\SeQrRecall.UnitTests\SeQrRecall.UnitTests.csproj", "{18BD4E0A-09D5-4AAC-9DAD-11850ADDC243}"
EndProject
Project("{FAE04EC0-301F-11D3-BF4B-00C04F79EFBC}") = "SeQrRecall.IntegrationTests", "tests\SeQrRecall.IntegrationTests\SeQrRecall.IntegrationTests.csproj", "{AFD324EC-790E-4731-859E-5A0EE110662A}"
EndProject
Global
	GlobalSection(SolutionConfigurationPlatforms) = preSolution
		Debug|Any CPU = Debug|Any CPU
		Debug|x64 = Debug|x64
		Debug|x86 = Debug|x86
		Release|Any CPU = Release|Any CPU
		Release|x64 = Release|x64
		Release|x86 = Release|x86
	EndGlobalSection
	GlobalSection(ProjectConfigurationPlatforms) = postSolution
		{BE9F8E37-0F78-4126-A933-261803E3E978}.Debug|Any CPU.ActiveCfg = Debug|Any CPU
		{BE9F8E37-0F78-4126-A933-261803E3E978}.Debug|Any CPU.Build.0 = Debug|Any CPU
		{BE9F8E37-0F78-4126-A933-261803E3E978}.Debug|x64.ActiveCfg = Debug|Any CPU
		{BE9F8E37-0F78-4126-A933-261803E3E978}.Debug|x64.Build.0 = Debug|Any CPU
		{BE9F8E37-0F78-4126-A933-261803E3E978}.Debug|x86.ActiveCfg = Debug|Any CPU
		{BE9F8E37-0F78-4126-A933-261803E3E978}.Debug|x86.Build.0 = Debug|Any CPU
		{BE9F8E37-0F78-4126-A933-261803E3E978}.Release|Any CPU.ActiveCfg = Release|Any CPU
		{BE9F8E37-0F78-4126-A933-261803E3E978}.Release|Any CPU.Build.0 = Release|Any CPU
		{BE9F8E37-0F78-4126-A933-261803E3E978}.Release|x64.ActiveCfg = Release|Any CPU
		{BE9F8E37-0F78-4126-A933-261803E3E978}.Release|x64.Build.0 = Release|Any CPU
		{BE9F8E37-0F78-4126-A933-261803E3E978}.Release|x86.ActiveCfg = Release|Any CPU
		{BE9F8E37-0F78-4126-A933-261803E3E978}.Release|x86.Build.0 = Release|Any CPU
		{4CB1F791-54CA-4A36-9A2B-ABAC7D942866}.Debug|Any CPU.ActiveCfg = Debug|Any CPU
		{4CB1F791-54CA-4A36-9A2B-ABAC7D942866}.Debug|Any CPU.Build.0 = Debug|Any CPU
		{4CB1F791-54CA-4A36-9A2B-ABAC7D942866}.Debug|x64.ActiveCfg = Debug|Any CPU
		{4CB1F791-54CA-4A36-9A2B-ABAC7D942866}.Debug|x64.Build.0 = Debug|Any CPU
		{4CB1F791-54CA-4A36-9A2B-ABAC7D942866}.Debug|x86.ActiveCfg = Debug|Any CPU
		{4CB1F791-54CA-4A36-9A2B-ABAC7D942866}.Debug|x86.Build.0 = Debug|Any CPU
		{4CB1F791-54CA-4A36-9A2B-ABAC7D942866}.Release|Any CPU.ActiveCfg = Release|Any CPU
		{4CB1F791-54CA-4A36-9A2B-ABAC7D942866}.Release|Any CPU.Build.0 = Release|Any CPU
		{4CB1F791-54CA-4A36-9A2B-ABAC7D942866}.Release|x64.ActiveCfg = Release|Any CPU
		{4CB1F791-54CA-4A36-9A2B-ABAC7D942866}.Release|x64.Build.0 = Release|Any CPU
		{4CB1F791-54CA-4A36-9A2B-ABAC7D942866}.Release|x86.ActiveCfg = Release|Any CPU
		{4CB1F791-54CA-4A36-9A2B-ABAC7D942866}.Release|x86.Build.0 = Release|Any CPU
		{3A8D6CF8-BB74-4368-861C-01330FB19C92}.Debug|Any CPU.ActiveCfg = Debug|Any CPU
		{3A8D6CF8-BB74-4368-861C-01330FB19C92}.Debug|Any CPU.Build.0 = Debug|Any CPU
		{3A8D6CF8-BB74-4368-861C-01330FB19C92}.Debug|x64.ActiveCfg = Debug|Any CPU
		{3A8D6CF8-BB74-4368-861C-01330FB19C92}.Debug|x64.Build.0 = Debug|Any CPU
		{3A8D6CF8-BB74-4368-861C-01330FB19C92}.Debug|x86.ActiveCfg = Debug|Any CPU
		{3A8D6CF8-BB74-4368-861C-01330FB19C92}.Debug|x86.Build.0 = Debug|Any CPU
		{3A8D6CF8-BB74-4368-861C-01330FB19C92}.Release|Any CPU.ActiveCfg = Release|Any CPU
		{3A8D6CF8-BB74-4368-861C-01330FB19C92}.Release|Any CPU.Build.0 = Release|Any CPU
		{3A8D6CF8-BB74-4368-861C-01330FB19C92}.Release|x64.ActiveCfg = Release|Any CPU
		{3A8D6CF8-BB74-4368-861C-01330FB19C92}.Release|x64.Build.0 = Release|Any CPU
		{3A8D6CF8-BB74-4368-861C-01330FB19C92}.Release|x86.ActiveCfg = Release|Any CPU
		{3A8D6CF8-BB74-4368-861C-01330FB19C92}.Release|x86.Build.0 = Release|Any CPU
		{9A8D6BE0-AEB6-493D-B9BC-DD6E12259A96}.Debug|Any CPU.ActiveCfg = Debug|Any CPU
		{9A8D6BE0-AEB6-493D-B9BC-DD6E12259A96}.Debug|Any CPU.Build.0 = Debug|Any CPU
		{9A8D6BE0-AEB6-493D-B9BC-DD6E12259A96}.Debug|x64.ActiveCfg = Debug|Any CPU
		{9A8D6BE0-AEB6-493D-B9BC-DD6E12259A96}.Debug|x64.Build.0 = Debug|Any CPU
		{9A8D6BE0-AEB6-493D-B9BC-DD6E12259A96}.Debug|x86.ActiveCfg = Debug|Any CPU
		{9A8D6BE0-AEB6-493D-B9BC-DD6E12259A96}.Debug|x86.Build.0 = Debug|Any CPU
		{9A8D6BE0-AEB6-493D-B9BC-DD6E12259A96}.Release|Any CPU.ActiveCfg = Release|Any CPU
		{9A8D6BE0-AEB6-493D-B9BC-DD6E12259A96}.Release|Any CPU.Build.0 = Release|Any CPU
		{9A8D6BE0-AEB6-493D-B9BC-DD6E12259A96}.Release|x64.ActiveCfg = Release|Any CPU
		{9A8D6BE0-AEB6-493D-B9BC-DD6E12259A96}.Release|x64.Build.0 = Release|Any CPU
		{9A8D6BE0-AEB6-493D-B9BC-DD6E12259A96}.Release|x86.ActiveCfg = Release|Any CPU
		{9A8D6BE0-AEB6-493D-B9BC-DD6E12259A96}.Release|x86.Build.0 = Release|Any CPU
		{18BD4E0A-09D5-4AAC-9DAD-11850ADDC243}.Debug|Any CPU.ActiveCfg = Debug|Any CPU
		{18BD4E0A-09D5-4AAC-9DAD-11850ADDC243}.Debug|Any CPU.Build.0 = Debug|Any CPU
		{18BD4E0A-09D5-4AAC-9DAD-11850ADDC243}.Debug|x64.ActiveCfg = Debug|Any CPU
		{18BD4E0A-09D5-4AAC-9DAD-11850ADDC243}.Debug|x64.Build.0 = Debug|Any CPU
		{18BD4E0A-09D5-4AAC-9DAD-11850ADDC243}.Debug|x86.ActiveCfg = Debug|Any CPU
		{18BD4E0A-09D5-4AAC-9DAD-11850ADDC243}.Debug|x86.Build.0 = Debug|Any CPU
		{18BD4E0A-09D5-4AAC-9DAD-11850ADDC243}.Release|Any CPU.ActiveCfg = Release|Any CPU
		{18BD4E0A-09D5-4AAC-9DAD-11850ADDC243}.Release|Any CPU.Build.0 = Release|Any CPU
		{18BD4E0A-09D5-4AAC-9DAD-11850ADDC243}.Release|x64.ActiveCfg = Release|Any CPU
		{18BD4E0A-09D5-4AAC-9DAD-11850ADDC243}.Release|x64.Build.0 = Release|Any CPU
		{18BD4E0A-09D5-4AAC-9DAD-11850ADDC243}.Release|x86.ActiveCfg = Release|Any CPU
		{18BD4E0A-09D5-4AAC-9DAD-11850ADDC243}.Release|x86.Build.0 = Release|Any CPU
		{AFD324EC-790E-4731-859E-5A0EE110662A}.Debug|Any CPU.ActiveCfg = Debug|Any CPU
		{AFD324EC-790E-4731-859E-5A0EE110662A}.Debug|Any CPU.Build.0 = Debug|Any CPU
		{AFD324EC-790E-4731-859E-5A0EE110662A}.Debug|x64.ActiveCfg = Debug|Any CPU
		{AFD324EC-790E-4731-859E-5A0EE110662A}.Debug|x64.Build.0 = Debug|Any CPU
		{AFD324EC-790E-4731-859E-5A0EE110662A}.Debug|x86.ActiveCfg = Debug|Any CPU
		{AFD324EC-790E-4731-859E-5A0EE110662A}.Debug|x86.Build.0 = Debug|Any CPU
		{AFD324EC-790E-4731-859E-5A0EE110662A}.Release|Any CPU.ActiveCfg = Release|Any CPU
		{AFD324EC-790E-4731-859E-5A0EE110662A}.Release|Any CPU.Build.0 = Release|Any CPU
		{AFD324EC-790E-4731-859E-5A0EE110662A}.Release|x64.ActiveCfg = Release|Any CPU
		{AFD324EC-790E-4731-859E-5A0EE110662A}.Release|x64.Build.0 = Release|Any CPU
		{AFD324EC-790E-4731-859E-5A0EE110662A}.Release|x86.ActiveCfg = Release|Any CPU
		{AFD324EC-790E-4731-859E-5A0EE110662A}.Release|x86.Build.0 = Release|Any CPU
	EndGlobalSection
	GlobalSection(SolutionProperties) = preSolution
		HideSolutionNode = FALSE
	EndGlobalSection
	GlobalSection(NestedProjects) = preSolution
		{BE9F8E37-0F78-4126-A933-261803E3E978} = {827E0CD3-B72D-47B6-A68D-7590B98EB39B}
		{4CB1F791-54CA-4A36-9A2B-ABAC7D942866} = {827E0CD3-B72D-47B6-A68D-7590B98EB39B}
		{3A8D6CF8-BB74-4368-861C-01330FB19C92} = {827E0CD3-B72D-47B6-A68D-7590B98EB39B}
		{9A8D6BE0-AEB6-493D-B9BC-DD6E12259A96} = {827E0CD3-B72D-47B6-A68D-7590B98EB39B}
		{18BD4E0A-09D5-4AAC-9DAD-11850ADDC243} = {0AB3BF05-4346-4AA6-1389-037BE0695223}
		{AFD324EC-790E-4731-859E-5A0EE110662A} = {0AB3BF05-4346-4AA6-1389-037BE0695223}
	EndGlobalSection
EndGlobal
